// !$*UTF8*$!
{
	archiveVersion = 1;
	classes = {
	};
	objectVersion = 56;
	objects = {

/* Begin PBXBuildFile section */
		058124F34AFDA2DE6D073323 /* Pods_Sojumap.framework in Frameworks */ = {isa = PBXBuildFile; fileRef = A5DD8A12B9B7B9B4BC5ACA11 /* Pods_Sojumap.framework */; };
		5298C1602AA8CA9E001AA8E2 /* ThreeMealData.swift in Sources */ = {isa = PBXBuildFile; fileRef = 5298C15F2AA8CA9E001AA8E2 /* ThreeMealData.swift */; };
		5298C1622AA8CAC6001AA8E2 /* VideoData.swift in Sources */ = {isa = PBXBuildFile; fileRef = 5298C1612AA8CAC6001AA8E2 /* VideoData.swift */; };
		7E16E27C2AA76A5F00EED08A /* Extensions.swift in Sources */ = {isa = PBXBuildFile; fileRef = 7E16E27B2AA76A5F00EED08A /* Extensions.swift */; };
		7E79530B2AA8AEE800833AD0 /* DataManager.swift in Sources */ = {isa = PBXBuildFile; fileRef = 7E79530A2AA8AEE800833AD0 /* DataManager.swift */; };
		7E9F9D192AA6EEAA00AB7382 /* SignInPage.storyboard in Resources */ = {isa = PBXBuildFile; fileRef = 7E9F9D182AA6EEAA00AB7382 /* SignInPage.storyboard */; };
		7E9F9D1D2AA6F34A00AB7382 /* SignInViewController.swift in Sources */ = {isa = PBXBuildFile; fileRef = 7E9F9D1C2AA6F34A00AB7382 /* SignInViewController.swift */; };
		7E9F9D1F2AA6F71400AB7382 /* SignUpPage.storyboard in Resources */ = {isa = PBXBuildFile; fileRef = 7E9F9D1E2AA6F71400AB7382 /* SignUpPage.storyboard */; };
		7E9F9D212AA6F82300AB7382 /* SignUpViewController.swift in Sources */ = {isa = PBXBuildFile; fileRef = 7E9F9D202AA6F82300AB7382 /* SignUpViewController.swift */; };
		DE4920532AA5D342008CFE0A /* PlaceDetailViewController.swift in Sources */ = {isa = PBXBuildFile; fileRef = DE4920522AA5D342008CFE0A /* PlaceDetailViewController.swift */; };
		DE4920552AA5D369008CFE0A /* MapViewController.swift in Sources */ = {isa = PBXBuildFile; fileRef = DE4920542AA5D369008CFE0A /* MapViewController.swift */; };
		DE4920572AA5D37A008CFE0A /* MypageViewController.swift in Sources */ = {isa = PBXBuildFile; fileRef = DE4920562AA5D37A008CFE0A /* MypageViewController.swift */; };
		DE4920592AA5D3BF008CFE0A /* PlaceDetailViewController.storyboard in Resources */ = {isa = PBXBuildFile; fileRef = DE4920582AA5D3BF008CFE0A /* PlaceDetailViewController.storyboard */; };
		DE49205B2AA5D3D2008CFE0A /* MapViewController.storyboard in Resources */ = {isa = PBXBuildFile; fileRef = DE49205A2AA5D3D2008CFE0A /* MapViewController.storyboard */; };
		DE49205D2AA5D3DD008CFE0A /* MypageViewController.storyboard in Resources */ = {isa = PBXBuildFile; fileRef = DE49205C2AA5D3DD008CFE0A /* MypageViewController.storyboard */; };
		DE49205F2AA6DFC8008CFE0A /* PlaceData.swift in Sources */ = {isa = PBXBuildFile; fileRef = DE49205E2AA6DFC8008CFE0A /* PlaceData.swift */; };
		DE4920612AA6DFEB008CFE0A /* UserData.swift in Sources */ = {isa = PBXBuildFile; fileRef = DE4920602AA6DFEB008CFE0A /* UserData.swift */; };
		DE4920662AA744C9008CFE0A /* NaverClient.swift in Sources */ = {isa = PBXBuildFile; fileRef = DE4920652AA744C9008CFE0A /* NaverClient.swift */; };
		DEA4AC452AA5CD7300361CFC /* AppDelegate.swift in Sources */ = {isa = PBXBuildFile; fileRef = DEA4AC442AA5CD7300361CFC /* AppDelegate.swift */; };
		DEA4AC472AA5CD7300361CFC /* SceneDelegate.swift in Sources */ = {isa = PBXBuildFile; fileRef = DEA4AC462AA5CD7300361CFC /* SceneDelegate.swift */; };
		DEA4AC492AA5CD7300361CFC /* ViewController.swift in Sources */ = {isa = PBXBuildFile; fileRef = DEA4AC482AA5CD7300361CFC /* ViewController.swift */; };
		DEA4AC4C2AA5CD7300361CFC /* Main.storyboard in Resources */ = {isa = PBXBuildFile; fileRef = DEA4AC4A2AA5CD7300361CFC /* Main.storyboard */; };
		DEA4AC4E2AA5CD7400361CFC /* Assets.xcassets in Resources */ = {isa = PBXBuildFile; fileRef = DEA4AC4D2AA5CD7400361CFC /* Assets.xcassets */; };
		DEA4AC512AA5CD7400361CFC /* LaunchScreen.storyboard in Resources */ = {isa = PBXBuildFile; fileRef = DEA4AC4F2AA5CD7400361CFC /* LaunchScreen.storyboard */; };
		DED83BEC2AA967C9002D908B /* DummyData.swift in Sources */ = {isa = PBXBuildFile; fileRef = DED83BEB2AA967C9002D908B /* DummyData.swift */; };
/* End PBXBuildFile section */

/* Begin PBXCopyFilesBuildPhase section */
		C31B59522AA9B802008AEE90 /* Embed ExtensionKit Extensions */ = {
			isa = PBXCopyFilesBuildPhase;
			buildActionMask = 2147483647;
			dstPath = "$(EXTENSIONS_FOLDER_PATH)";
			dstSubfolderSpec = 16;
			files = (
			);
			name = "Embed ExtensionKit Extensions";
			runOnlyForDeploymentPostprocessing = 0;
		};
/* End PBXCopyFilesBuildPhase section */

/* Begin PBXFileReference section */
		5298C15F2AA8CA9E001AA8E2 /* ThreeMealData.swift */ = {isa = PBXFileReference; lastKnownFileType = sourcecode.swift; path = ThreeMealData.swift; sourceTree = "<group>"; };
		5298C1612AA8CAC6001AA8E2 /* VideoData.swift */ = {isa = PBXFileReference; lastKnownFileType = sourcecode.swift; path = VideoData.swift; sourceTree = "<group>"; };
		7AFECABD6A4D5A9AFEFD8ECD /* Pods-Sojumap.debug.xcconfig */ = {isa = PBXFileReference; includeInIndex = 1; lastKnownFileType = text.xcconfig; name = "Pods-Sojumap.debug.xcconfig"; path = "Target Support Files/Pods-Sojumap/Pods-Sojumap.debug.xcconfig"; sourceTree = "<group>"; };
		7E16E27B2AA76A5F00EED08A /* Extensions.swift */ = {isa = PBXFileReference; lastKnownFileType = sourcecode.swift; path = Extensions.swift; sourceTree = "<group>"; };
		7E79530A2AA8AEE800833AD0 /* DataManager.swift */ = {isa = PBXFileReference; lastKnownFileType = sourcecode.swift; path = DataManager.swift; sourceTree = "<group>"; };
		7E9F9D182AA6EEAA00AB7382 /* SignInPage.storyboard */ = {isa = PBXFileReference; lastKnownFileType = file.storyboard; path = SignInPage.storyboard; sourceTree = "<group>"; };
		7E9F9D1C2AA6F34A00AB7382 /* SignInViewController.swift */ = {isa = PBXFileReference; lastKnownFileType = sourcecode.swift; path = SignInViewController.swift; sourceTree = "<group>"; };
		7E9F9D1E2AA6F71400AB7382 /* SignUpPage.storyboard */ = {isa = PBXFileReference; lastKnownFileType = file.storyboard; path = SignUpPage.storyboard; sourceTree = "<group>"; };
		7E9F9D202AA6F82300AB7382 /* SignUpViewController.swift */ = {isa = PBXFileReference; lastKnownFileType = sourcecode.swift; path = SignUpViewController.swift; sourceTree = "<group>"; };
		A5DD8A12B9B7B9B4BC5ACA11 /* Pods_Sojumap.framework */ = {isa = PBXFileReference; explicitFileType = wrapper.framework; includeInIndex = 0; path = Pods_Sojumap.framework; sourceTree = BUILT_PRODUCTS_DIR; };
		A6B4DF1E0DE3BA16B7E541FE /* Pods-Sojumap.release.xcconfig */ = {isa = PBXFileReference; includeInIndex = 1; lastKnownFileType = text.xcconfig; name = "Pods-Sojumap.release.xcconfig"; path = "Target Support Files/Pods-Sojumap/Pods-Sojumap.release.xcconfig"; sourceTree = "<group>"; };
		DE4920522AA5D342008CFE0A /* PlaceDetailViewController.swift */ = {isa = PBXFileReference; lastKnownFileType = sourcecode.swift; path = PlaceDetailViewController.swift; sourceTree = "<group>"; };
		DE4920542AA5D369008CFE0A /* MapViewController.swift */ = {isa = PBXFileReference; lastKnownFileType = sourcecode.swift; path = MapViewController.swift; sourceTree = "<group>"; };
		DE4920562AA5D37A008CFE0A /* MypageViewController.swift */ = {isa = PBXFileReference; lastKnownFileType = sourcecode.swift; path = MypageViewController.swift; sourceTree = "<group>"; };
		DE4920582AA5D3BF008CFE0A /* PlaceDetailViewController.storyboard */ = {isa = PBXFileReference; lastKnownFileType = file.storyboard; path = PlaceDetailViewController.storyboard; sourceTree = "<group>"; };
		DE49205A2AA5D3D2008CFE0A /* MapViewController.storyboard */ = {isa = PBXFileReference; lastKnownFileType = file.storyboard; path = MapViewController.storyboard; sourceTree = "<group>"; };
		DE49205C2AA5D3DD008CFE0A /* MypageViewController.storyboard */ = {isa = PBXFileReference; lastKnownFileType = file.storyboard; path = MypageViewController.storyboard; sourceTree = "<group>"; };
		DE49205E2AA6DFC8008CFE0A /* PlaceData.swift */ = {isa = PBXFileReference; lastKnownFileType = sourcecode.swift; name = PlaceData.swift; path = Sojumap/View/PlaceData.swift; sourceTree = SOURCE_ROOT; };
		DE4920602AA6DFEB008CFE0A /* UserData.swift */ = {isa = PBXFileReference; lastKnownFileType = sourcecode.swift; name = UserData.swift; path = Sojumap/View/UserData.swift; sourceTree = SOURCE_ROOT; };
		DE4920652AA744C9008CFE0A /* NaverClient.swift */ = {isa = PBXFileReference; lastKnownFileType = sourcecode.swift; path = NaverClient.swift; sourceTree = "<group>"; };
		DEA4AC412AA5CD7300361CFC /* Sojumap.app */ = {isa = PBXFileReference; explicitFileType = wrapper.application; includeInIndex = 0; path = Sojumap.app; sourceTree = BUILT_PRODUCTS_DIR; };
		DEA4AC442AA5CD7300361CFC /* AppDelegate.swift */ = {isa = PBXFileReference; lastKnownFileType = sourcecode.swift; path = AppDelegate.swift; sourceTree = "<group>"; };
		DEA4AC462AA5CD7300361CFC /* SceneDelegate.swift */ = {isa = PBXFileReference; lastKnownFileType = sourcecode.swift; path = SceneDelegate.swift; sourceTree = "<group>"; };
		DEA4AC482AA5CD7300361CFC /* ViewController.swift */ = {isa = PBXFileReference; lastKnownFileType = sourcecode.swift; path = ViewController.swift; sourceTree = "<group>"; };
		DEA4AC4B2AA5CD7300361CFC /* Base */ = {isa = PBXFileReference; lastKnownFileType = file.storyboard; name = Base; path = Base.lproj/Main.storyboard; sourceTree = "<group>"; };
		DEA4AC4D2AA5CD7400361CFC /* Assets.xcassets */ = {isa = PBXFileReference; lastKnownFileType = folder.assetcatalog; path = Assets.xcassets; sourceTree = "<group>"; };
		DEA4AC502AA5CD7400361CFC /* Base */ = {isa = PBXFileReference; lastKnownFileType = file.storyboard; name = Base; path = Base.lproj/LaunchScreen.storyboard; sourceTree = "<group>"; };
		DEA4AC522AA5CD7400361CFC /* Info.plist */ = {isa = PBXFileReference; lastKnownFileType = text.plist.xml; path = Info.plist; sourceTree = "<group>"; };
		DED83BEB2AA967C9002D908B /* DummyData.swift */ = {isa = PBXFileReference; lastKnownFileType = sourcecode.swift; path = DummyData.swift; sourceTree = "<group>"; };
/* End PBXFileReference section */

/* Begin PBXFrameworksBuildPhase section */
		DEA4AC3E2AA5CD7300361CFC /* Frameworks */ = {
			isa = PBXFrameworksBuildPhase;
			buildActionMask = 2147483647;
			files = (
				058124F34AFDA2DE6D073323 /* Pods_Sojumap.framework in Frameworks */,
			);
			runOnlyForDeploymentPostprocessing = 0;
		};
/* End PBXFrameworksBuildPhase section */

/* Begin PBXGroup section */
		76C3942746056567F3843669 /* Pods */ = {
			isa = PBXGroup;
			children = (
				7AFECABD6A4D5A9AFEFD8ECD /* Pods-Sojumap.debug.xcconfig */,
				A6B4DF1E0DE3BA16B7E541FE /* Pods-Sojumap.release.xcconfig */,
			);
			path = Pods;
			sourceTree = "<group>";
		};
		C42908F8A2C2FBC10BEA8165 /* Frameworks */ = {
			isa = PBXGroup;
			children = (
				A5DD8A12B9B7B9B4BC5ACA11 /* Pods_Sojumap.framework */,
			);
			name = Frameworks;
			sourceTree = "<group>";
		};
		DE4920642AA744A8008CFE0A /* ApiKeys */ = {
			isa = PBXGroup;
			children = (
				DE4920652AA744C9008CFE0A /* NaverClient.swift */,
			);
			path = ApiKeys;
			sourceTree = "<group>";
		};
		DEA4AC382AA5CD7300361CFC = {
			isa = PBXGroup;
			children = (
				DEA4AC432AA5CD7300361CFC /* Sojumap */,
				DEA4AC422AA5CD7300361CFC /* Products */,
				76C3942746056567F3843669 /* Pods */,
				C42908F8A2C2FBC10BEA8165 /* Frameworks */,
			);
			sourceTree = "<group>";
		};
		DEA4AC422AA5CD7300361CFC /* Products */ = {
			isa = PBXGroup;
			children = (
				DEA4AC412AA5CD7300361CFC /* Sojumap.app */,
			);
			name = Products;
			sourceTree = "<group>";
		};
		DEA4AC432AA5CD7300361CFC /* Sojumap */ = {
			isa = PBXGroup;
			children = (
				DE4920642AA744A8008CFE0A /* ApiKeys */,
				DEA4AC5A2AA5CDA800361CFC /* View */,
				DEA4AC592AA5CDA100361CFC /* Controller */,
				DEA4AC582AA5CD7D00361CFC /* Model */,
				DEA4AC442AA5CD7300361CFC /* AppDelegate.swift */,
				DEA4AC462AA5CD7300361CFC /* SceneDelegate.swift */,
				7E16E27B2AA76A5F00EED08A /* Extensions.swift */,
				DEA4AC4D2AA5CD7400361CFC /* Assets.xcassets */,
				DEA4AC4F2AA5CD7400361CFC /* LaunchScreen.storyboard */,
				DEA4AC522AA5CD7400361CFC /* Info.plist */,
			);
			path = Sojumap;
			sourceTree = "<group>";
		};
		DEA4AC582AA5CD7D00361CFC /* Model */ = {
			isa = PBXGroup;
			children = (
				DE49205E2AA6DFC8008CFE0A /* PlaceData.swift */,
				DE4920602AA6DFEB008CFE0A /* UserData.swift */,
				7E79530A2AA8AEE800833AD0 /* DataManager.swift */,
				5298C15F2AA8CA9E001AA8E2 /* ThreeMealData.swift */,
				5298C1612AA8CAC6001AA8E2 /* VideoData.swift */,
				DED83BEB2AA967C9002D908B /* DummyData.swift */,
			);
			path = Model;
			sourceTree = "<group>";
		};
		DEA4AC592AA5CDA100361CFC /* Controller */ = {
			isa = PBXGroup;
			children = (
				DEA4AC482AA5CD7300361CFC /* ViewController.swift */,
				DE4920522AA5D342008CFE0A /* PlaceDetailViewController.swift */,
				DE4920542AA5D369008CFE0A /* MapViewController.swift */,
				DE4920562AA5D37A008CFE0A /* MypageViewController.swift */,
				7E9F9D202AA6F82300AB7382 /* SignUpViewController.swift */,
				7E9F9D1C2AA6F34A00AB7382 /* SignInViewController.swift */,
			);
			path = Controller;
			sourceTree = "<group>";
		};
		DEA4AC5A2AA5CDA800361CFC /* View */ = {
			isa = PBXGroup;
			children = (
				DEA4AC4A2AA5CD7300361CFC /* Main.storyboard */,
				DE4920582AA5D3BF008CFE0A /* PlaceDetailViewController.storyboard */,
				DE49205A2AA5D3D2008CFE0A /* MapViewController.storyboard */,
				DE49205C2AA5D3DD008CFE0A /* MypageViewController.storyboard */,
				7E9F9D1E2AA6F71400AB7382 /* SignUpPage.storyboard */,
				7E9F9D182AA6EEAA00AB7382 /* SignInPage.storyboard */,
			);
			path = View;
			sourceTree = "<group>";
		};
/* End PBXGroup section */

/* Begin PBXNativeTarget section */
		DEA4AC402AA5CD7300361CFC /* Sojumap */ = {
			isa = PBXNativeTarget;
			buildConfigurationList = DEA4AC552AA5CD7400361CFC /* Build configuration list for PBXNativeTarget "Sojumap" */;
			buildPhases = (
				B3B944D6A196C629F76A1E9E /* [CP] Check Pods Manifest.lock */,
				DEA4AC3D2AA5CD7300361CFC /* Sources */,
				DEA4AC3E2AA5CD7300361CFC /* Frameworks */,
				DEA4AC3F2AA5CD7300361CFC /* Resources */,
				6E8D3F571A9EA6E8A9C71EB3 /* [CP] Embed Pods Frameworks */,
				C31B59522AA9B802008AEE90 /* Embed ExtensionKit Extensions */,
			);
			buildRules = (
			);
			dependencies = (
			);
			name = Sojumap;
			productName = Sojumap;
			productReference = DEA4AC412AA5CD7300361CFC /* Sojumap.app */;
			productType = "com.apple.product-type.application";
		};
/* End PBXNativeTarget section */

/* Begin PBXProject section */
		DEA4AC392AA5CD7300361CFC /* Project object */ = {
			isa = PBXProject;
			attributes = {
				BuildIndependentTargetsInParallel = 1;
				LastSwiftUpdateCheck = 1430;
				LastUpgradeCheck = 1430;
				TargetAttributes = {
					DEA4AC402AA5CD7300361CFC = {
						CreatedOnToolsVersion = 14.3.1;
					};
				};
			};
			buildConfigurationList = DEA4AC3C2AA5CD7300361CFC /* Build configuration list for PBXProject "Sojumap" */;
			compatibilityVersion = "Xcode 14.0";
			developmentRegion = en;
			hasScannedForEncodings = 0;
			knownRegions = (
				en,
				Base,
			);
			mainGroup = DEA4AC382AA5CD7300361CFC;
			productRefGroup = DEA4AC422AA5CD7300361CFC /* Products */;
			projectDirPath = "";
			projectRoot = "";
			targets = (
				DEA4AC402AA5CD7300361CFC /* Sojumap */,
			);
		};
/* End PBXProject section */

/* Begin PBXResourcesBuildPhase section */
		DEA4AC3F2AA5CD7300361CFC /* Resources */ = {
			isa = PBXResourcesBuildPhase;
			buildActionMask = 2147483647;
			files = (
				7E9F9D192AA6EEAA00AB7382 /* SignInPage.storyboard in Resources */,
				DE49205B2AA5D3D2008CFE0A /* MapViewController.storyboard in Resources */,
				DEA4AC512AA5CD7400361CFC /* LaunchScreen.storyboard in Resources */,
				DEA4AC4E2AA5CD7400361CFC /* Assets.xcassets in Resources */,
				DE4920592AA5D3BF008CFE0A /* PlaceDetailViewController.storyboard in Resources */,
				DE49205D2AA5D3DD008CFE0A /* MypageViewController.storyboard in Resources */,
				DEA4AC4C2AA5CD7300361CFC /* Main.storyboard in Resources */,
				7E9F9D1F2AA6F71400AB7382 /* SignUpPage.storyboard in Resources */,
			);
			runOnlyForDeploymentPostprocessing = 0;
		};
/* End PBXResourcesBuildPhase section */

/* Begin PBXShellScriptBuildPhase section */
		6E8D3F571A9EA6E8A9C71EB3 /* [CP] Embed Pods Frameworks */ = {
			isa = PBXShellScriptBuildPhase;
			buildActionMask = 2147483647;
			files = (
			);
			inputFileListPaths = (
				"${PODS_ROOT}/Target Support Files/Pods-Sojumap/Pods-Sojumap-frameworks-${CONFIGURATION}-input-files.xcfilelist",
			);
			name = "[CP] Embed Pods Frameworks";
			outputFileListPaths = (
				"${PODS_ROOT}/Target Support Files/Pods-Sojumap/Pods-Sojumap-frameworks-${CONFIGURATION}-output-files.xcfilelist",
			);
			runOnlyForDeploymentPostprocessing = 0;
			shellPath = /bin/sh;
			shellScript = "\"${PODS_ROOT}/Target Support Files/Pods-Sojumap/Pods-Sojumap-frameworks.sh\"\n";
			showEnvVarsInLog = 0;
		};
		B3B944D6A196C629F76A1E9E /* [CP] Check Pods Manifest.lock */ = {
			isa = PBXShellScriptBuildPhase;
			buildActionMask = 2147483647;
			files = (
			);
			inputFileListPaths = (
			);
			inputPaths = (
				"${PODS_PODFILE_DIR_PATH}/Podfile.lock",
				"${PODS_ROOT}/Manifest.lock",
			);
			name = "[CP] Check Pods Manifest.lock";
			outputFileListPaths = (
			);
			outputPaths = (
				"$(DERIVED_FILE_DIR)/Pods-Sojumap-checkManifestLockResult.txt",
			);
			runOnlyForDeploymentPostprocessing = 0;
			shellPath = /bin/sh;
			shellScript = "diff \"${PODS_PODFILE_DIR_PATH}/Podfile.lock\" \"${PODS_ROOT}/Manifest.lock\" > /dev/null\nif [ $? != 0 ] ; then\n    # print error to STDERR\n    echo \"error: The sandbox is not in sync with the Podfile.lock. Run 'pod install' or update your CocoaPods installation.\" >&2\n    exit 1\nfi\n# This output is used by Xcode 'outputs' to avoid re-running this script phase.\necho \"SUCCESS\" > \"${SCRIPT_OUTPUT_FILE_0}\"\n";
			showEnvVarsInLog = 0;
		};
/* End PBXShellScriptBuildPhase section */

/* Begin PBXSourcesBuildPhase section */
		DEA4AC3D2AA5CD7300361CFC /* Sources */ = {
			isa = PBXSourcesBuildPhase;
			buildActionMask = 2147483647;
			files = (
				7E9F9D212AA6F82300AB7382 /* SignUpViewController.swift in Sources */,
				7E9F9D1D2AA6F34A00AB7382 /* SignInViewController.swift in Sources */,
				DEA4AC492AA5CD7300361CFC /* ViewController.swift in Sources */,
				DE4920532AA5D342008CFE0A /* PlaceDetailViewController.swift in Sources */,
				DE4920612AA6DFEB008CFE0A /* UserData.swift in Sources */,
				7E79530B2AA8AEE800833AD0 /* DataManager.swift in Sources */,
				DEA4AC452AA5CD7300361CFC /* AppDelegate.swift in Sources */,
				DE4920662AA744C9008CFE0A /* NaverClient.swift in Sources */,
				DE49205F2AA6DFC8008CFE0A /* PlaceData.swift in Sources */,
				DE4920572AA5D37A008CFE0A /* MypageViewController.swift in Sources */,
				DEA4AC472AA5CD7300361CFC /* SceneDelegate.swift in Sources */,
				DE4920552AA5D369008CFE0A /* MapViewController.swift in Sources */,
				5298C1622AA8CAC6001AA8E2 /* VideoData.swift in Sources */,
				7E16E27C2AA76A5F00EED08A /* Extensions.swift in Sources */,
				5298C1602AA8CA9E001AA8E2 /* ThreeMealData.swift in Sources */,
				DED83BEC2AA967C9002D908B /* DummyData.swift in Sources */,
			);
			runOnlyForDeploymentPostprocessing = 0;
		};
/* End PBXSourcesBuildPhase section */

/* Begin PBXVariantGroup section */
		DEA4AC4A2AA5CD7300361CFC /* Main.storyboard */ = {
			isa = PBXVariantGroup;
			children = (
				DEA4AC4B2AA5CD7300361CFC /* Base */,
			);
			name = Main.storyboard;
			sourceTree = "<group>";
		};
		DEA4AC4F2AA5CD7400361CFC /* LaunchScreen.storyboard */ = {
			isa = PBXVariantGroup;
			children = (
				DEA4AC502AA5CD7400361CFC /* Base */,
			);
			name = LaunchScreen.storyboard;
			sourceTree = "<group>";
		};
/* End PBXVariantGroup section */

/* Begin XCBuildConfiguration section */
		DEA4AC532AA5CD7400361CFC /* Debug */ = {
			isa = XCBuildConfiguration;
			buildSettings = {
				ALWAYS_SEARCH_USER_PATHS = NO;
				CLANG_ANALYZER_NONNULL = YES;
				CLANG_ANALYZER_NUMBER_OBJECT_CONVERSION = YES_AGGRESSIVE;
				CLANG_CXX_LANGUAGE_STANDARD = "gnu++20";
				CLANG_ENABLE_MODULES = YES;
				CLANG_ENABLE_OBJC_ARC = YES;
				CLANG_ENABLE_OBJC_WEAK = YES;
				CLANG_WARN_BLOCK_CAPTURE_AUTORELEASING = YES;
				CLANG_WARN_BOOL_CONVERSION = YES;
				CLANG_WARN_COMMA = YES;
				CLANG_WARN_CONSTANT_CONVERSION = YES;
				CLANG_WARN_DEPRECATED_OBJC_IMPLEMENTATIONS = YES;
				CLANG_WARN_DIRECT_OBJC_ISA_USAGE = YES_ERROR;
				CLANG_WARN_DOCUMENTATION_COMMENTS = YES;
				CLANG_WARN_EMPTY_BODY = YES;
				CLANG_WARN_ENUM_CONVERSION = YES;
				CLANG_WARN_INFINITE_RECURSION = YES;
				CLANG_WARN_INT_CONVERSION = YES;
				CLANG_WARN_NON_LITERAL_NULL_CONVERSION = YES;
				CLANG_WARN_OBJC_IMPLICIT_RETAIN_SELF = YES;
				CLANG_WARN_OBJC_LITERAL_CONVERSION = YES;
				CLANG_WARN_OBJC_ROOT_CLASS = YES_ERROR;
				CLANG_WARN_QUOTED_INCLUDE_IN_FRAMEWORK_HEADER = YES;
				CLANG_WARN_RANGE_LOOP_ANALYSIS = YES;
				CLANG_WARN_STRICT_PROTOTYPES = YES;
				CLANG_WARN_SUSPICIOUS_MOVE = YES;
				CLANG_WARN_UNGUARDED_AVAILABILITY = YES_AGGRESSIVE;
				CLANG_WARN_UNREACHABLE_CODE = YES;
				CLANG_WARN__DUPLICATE_METHOD_MATCH = YES;
				COPY_PHASE_STRIP = NO;
				DEBUG_INFORMATION_FORMAT = dwarf;
				ENABLE_STRICT_OBJC_MSGSEND = YES;
				ENABLE_TESTABILITY = YES;
				GCC_C_LANGUAGE_STANDARD = gnu11;
				GCC_DYNAMIC_NO_PIC = NO;
				GCC_NO_COMMON_BLOCKS = YES;
				GCC_OPTIMIZATION_LEVEL = 0;
				GCC_PREPROCESSOR_DEFINITIONS = (
					"DEBUG=1",
					"$(inherited)",
				);
				GCC_WARN_64_TO_32_BIT_CONVERSION = YES;
				GCC_WARN_ABOUT_RETURN_TYPE = YES_ERROR;
				GCC_WARN_UNDECLARED_SELECTOR = YES;
				GCC_WARN_UNINITIALIZED_AUTOS = YES_AGGRESSIVE;
				GCC_WARN_UNUSED_FUNCTION = YES;
				GCC_WARN_UNUSED_VARIABLE = YES;
				IPHONEOS_DEPLOYMENT_TARGET = 16.4;
				MTL_ENABLE_DEBUG_INFO = INCLUDE_SOURCE;
				MTL_FAST_MATH = YES;
				ONLY_ACTIVE_ARCH = YES;
				SDKROOT = iphoneos;
				SWIFT_ACTIVE_COMPILATION_CONDITIONS = DEBUG;
				SWIFT_OPTIMIZATION_LEVEL = "-Onone";
			};
			name = Debug;
		};
		DEA4AC542AA5CD7400361CFC /* Release */ = {
			isa = XCBuildConfiguration;
			buildSettings = {
				ALWAYS_SEARCH_USER_PATHS = NO;
				CLANG_ANALYZER_NONNULL = YES;
				CLANG_ANALYZER_NUMBER_OBJECT_CONVERSION = YES_AGGRESSIVE;
				CLANG_CXX_LANGUAGE_STANDARD = "gnu++20";
				CLANG_ENABLE_MODULES = YES;
				CLANG_ENABLE_OBJC_ARC = YES;
				CLANG_ENABLE_OBJC_WEAK = YES;
				CLANG_WARN_BLOCK_CAPTURE_AUTORELEASING = YES;
				CLANG_WARN_BOOL_CONVERSION = YES;
				CLANG_WARN_COMMA = YES;
				CLANG_WARN_CONSTANT_CONVERSION = YES;
				CLANG_WARN_DEPRECATED_OBJC_IMPLEMENTATIONS = YES;
				CLANG_WARN_DIRECT_OBJC_ISA_USAGE = YES_ERROR;
				CLANG_WARN_DOCUMENTATION_COMMENTS = YES;
				CLANG_WARN_EMPTY_BODY = YES;
				CLANG_WARN_ENUM_CONVERSION = YES;
				CLANG_WARN_INFINITE_RECURSION = YES;
				CLANG_WARN_INT_CONVERSION = YES;
				CLANG_WARN_NON_LITERAL_NULL_CONVERSION = YES;
				CLANG_WARN_OBJC_IMPLICIT_RETAIN_SELF = YES;
				CLANG_WARN_OBJC_LITERAL_CONVERSION = YES;
				CLANG_WARN_OBJC_ROOT_CLASS = YES_ERROR;
				CLANG_WARN_QUOTED_INCLUDE_IN_FRAMEWORK_HEADER = YES;
				CLANG_WARN_RANGE_LOOP_ANALYSIS = YES;
				CLANG_WARN_STRICT_PROTOTYPES = YES;
				CLANG_WARN_SUSPICIOUS_MOVE = YES;
				CLANG_WARN_UNGUARDED_AVAILABILITY = YES_AGGRESSIVE;
				CLANG_WARN_UNREACHABLE_CODE = YES;
				CLANG_WARN__DUPLICATE_METHOD_MATCH = YES;
				COPY_PHASE_STRIP = NO;
				DEBUG_INFORMATION_FORMAT = "dwarf-with-dsym";
				ENABLE_NS_ASSERTIONS = NO;
				ENABLE_STRICT_OBJC_MSGSEND = YES;
				GCC_C_LANGUAGE_STANDARD = gnu11;
				GCC_NO_COMMON_BLOCKS = YES;
				GCC_WARN_64_TO_32_BIT_CONVERSION = YES;
				GCC_WARN_ABOUT_RETURN_TYPE = YES_ERROR;
				GCC_WARN_UNDECLARED_SELECTOR = YES;
				GCC_WARN_UNINITIALIZED_AUTOS = YES_AGGRESSIVE;
				GCC_WARN_UNUSED_FUNCTION = YES;
				GCC_WARN_UNUSED_VARIABLE = YES;
				IPHONEOS_DEPLOYMENT_TARGET = 16.4;
				MTL_ENABLE_DEBUG_INFO = NO;
				MTL_FAST_MATH = YES;
				SDKROOT = iphoneos;
				SWIFT_COMPILATION_MODE = wholemodule;
				SWIFT_OPTIMIZATION_LEVEL = "-O";
				VALIDATE_PRODUCT = YES;
			};
			name = Release;
		};
		DEA4AC562AA5CD7400361CFC /* Debug */ = {
			isa = XCBuildConfiguration;
			baseConfigurationReference = 7AFECABD6A4D5A9AFEFD8ECD /* Pods-Sojumap.debug.xcconfig */;
			buildSettings = {
				ALWAYS_EMBED_SWIFT_STANDARD_LIBRARIES = YES;
				ASSETCATALOG_COMPILER_APPICON_NAME = AppIcon;
				ASSETCATALOG_COMPILER_GLOBAL_ACCENT_COLOR_NAME = AccentColor;
				CODE_SIGN_STYLE = Automatic;
				CURRENT_PROJECT_VERSION = 1;
				DEVELOPMENT_TEAM = RR4V44S8V9;
				GENERATE_INFOPLIST_FILE = YES;
				INFOPLIST_FILE = Sojumap/Info.plist;
				INFOPLIST_KEY_UIApplicationSupportsIndirectInputEvents = YES;
				INFOPLIST_KEY_UILaunchStoryboardName = LaunchScreen;
				INFOPLIST_KEY_UIMainStoryboardFile = Main;
				INFOPLIST_KEY_UISupportedInterfaceOrientations_iPad = "UIInterfaceOrientationPortrait UIInterfaceOrientationPortraitUpsideDown UIInterfaceOrientationLandscapeLeft UIInterfaceOrientationLandscapeRight";
				INFOPLIST_KEY_UISupportedInterfaceOrientations_iPhone = "UIInterfaceOrientationPortrait UIInterfaceOrientationLandscapeLeft UIInterfaceOrientationLandscapeRight";
				IPHONEOS_DEPLOYMENT_TARGET = 15.0;
				LD_RUNPATH_SEARCH_PATHS = (
					"$(inherited)",
					"@executable_path/Frameworks",
				);
				MARKETING_VERSION = 1.0;
				PRODUCT_BUNDLE_IDENTIFIER = com.hidaehuynlee.Sojumap;
				PRODUCT_NAME = "$(TARGET_NAME)";
				SUPPORTED_PLATFORMS = "iphoneos iphonesimulator";
				SUPPORTS_MACCATALYST = NO;
				SUPPORTS_MAC_DESIGNED_FOR_IPHONE_IPAD = NO;
				SWIFT_EMIT_LOC_STRINGS = YES;
				SWIFT_VERSION = 5.0;
				TARGETED_DEVICE_FAMILY = 1;
			};
			name = Debug;
		};
		DEA4AC572AA5CD7400361CFC /* Release */ = {
			isa = XCBuildConfiguration;
			baseConfigurationReference = A6B4DF1E0DE3BA16B7E541FE /* Pods-Sojumap.release.xcconfig */;
			buildSettings = {
				ALWAYS_EMBED_SWIFT_STANDARD_LIBRARIES = YES;
				ASSETCATALOG_COMPILER_APPICON_NAME = AppIcon;
				ASSETCATALOG_COMPILER_GLOBAL_ACCENT_COLOR_NAME = AccentColor;
				CODE_SIGN_STYLE = Automatic;
				CURRENT_PROJECT_VERSION = 1;
				DEVELOPMENT_TEAM = RR4V44S8V9;
				GENERATE_INFOPLIST_FILE = YES;
				INFOPLIST_FILE = Sojumap/Info.plist;
				INFOPLIST_KEY_UIApplicationSupportsIndirectInputEvents = YES;
				INFOPLIST_KEY_UILaunchStoryboardName = LaunchScreen;
				INFOPLIST_KEY_UIMainStoryboardFile = Main;
				INFOPLIST_KEY_UISupportedInterfaceOrientations_iPad = "UIInterfaceOrientationPortrait UIInterfaceOrientationPortraitUpsideDown UIInterfaceOrientationLandscapeLeft UIInterfaceOrientationLandscapeRight";
				INFOPLIST_KEY_UISupportedInterfaceOrientations_iPhone = "UIInterfaceOrientationPortrait UIInterfaceOrientationLandscapeLeft UIInterfaceOrientationLandscapeRight";
				IPHONEOS_DEPLOYMENT_TARGET = 15.0;
				LD_RUNPATH_SEARCH_PATHS = (
					"$(inherited)",
					"@executable_path/Frameworks",
				);
				MARKETING_VERSION = 1.0;
				PRODUCT_BUNDLE_IDENTIFIER = com.hidaehuynlee.Sojumap;
				PRODUCT_NAME = "$(TARGET_NAME)";
				SUPPORTED_PLATFORMS = "iphoneos iphonesimulator";
				SUPPORTS_MACCATALYST = NO;
				SUPPORTS_MAC_DESIGNED_FOR_IPHONE_IPAD = NO;
				SWIFT_EMIT_LOC_STRINGS = YES;
				SWIFT_VERSION = 5.0;
				TARGETED_DEVICE_FAMILY = 1;
			};
			name = Release;
		};
/* End XCBuildConfiguration section */

/* Begin XCConfigurationList section */
		DEA4AC3C2AA5CD7300361CFC /* Build configuration list for PBXProject "Sojumap" */ = {
			isa = XCConfigurationList;
			buildConfigurations = (
				DEA4AC532AA5CD7400361CFC /* Debug */,
				DEA4AC542AA5CD7400361CFC /* Release */,
			);
			defaultConfigurationIsVisible = 0;
			defaultConfigurationName = Release;
		};
		DEA4AC552AA5CD7400361CFC /* Build configuration list for PBXNativeTarget "Sojumap" */ = {
			isa = XCConfigurationList;
			buildConfigurations = (
				DEA4AC562AA5CD7400361CFC /* Debug */,
				DEA4AC572AA5CD7400361CFC /* Release */,
			);
			defaultConfigurationIsVisible = 0;
			defaultConfigurationName = Release;
		};
/* End XCConfigurationList section */
	};
	rootObject = DEA4AC392AA5CD7300361CFC /* Project object */;
}
